{
  "lockfileVersion": 1,
  "configVersion": 1,
  "workspaces": {
    "": {
      "name": "multicodex",
      "devDependencies": {
        "turbo": "^2.5.6",
      },
    },
    "apps/cli": {
      "name": "multicodex",
      "version": "0.1.9",
      "bin": {
        "multicodex": "dist/cli.js",
        "mcodex": "dist/cli.js",
      },
      "dependencies": {
        "commander": "^14.0.3",
      },
      "devDependencies": {
        "@types/bun": "latest",
        "typescript": "^5.9.3",
      },
    },
    "apps/macos": {
      "name": "macos",
      "version": "0.1.0",
      "dependencies": {
        "multicodex": "workspace:*",
      },
    },
  },
  "packages": {
    "@types/bun": ["@types/bun@1.3.9", "", { "dependencies": { "bun-types": "1.3.9" } }, "sha512-KQ571yULOdWJiMH+RIWIOZ7B2RXQGpL1YQrBtLIV3FqDcCu6FsbFUBwhdKUlCKUpS3PJDsHlJ1QKlpxoVR+xtw=="],

    "@types/node": ["@types/node@25.2.0", "", { "dependencies": { "undici-types": "~7.16.0" } }, "sha512-DZ8VwRFUNzuqJ5khrvwMXHmvPe+zGayJhr2CDNiKB1WBE1ST8Djl00D0IC4vvNmHMdj6DlbYRIaFE7WHjlDl5w=="],

    "bun-types": ["bun-types@1.3.9", "", { "dependencies": { "@types/node": "*" } }, "sha512-+UBWWOakIP4Tswh0Bt0QD0alpTY8cb5hvgiYeWCMet9YukHbzuruIEeXC2D7nMJPB12kbh8C7XJykSexEqGKJg=="],

    "commander": ["commander@14.0.3", "", {}, "sha512-H+y0Jo/T1RZ9qPP4Eh1pkcQcLRglraJaSLoyOtHxu6AapkjWVCy2Sit1QQ4x3Dng8qDlSsZEet7g5Pq06MvTgw=="],

    "macos": ["macos@workspace:apps/macos"],

    "multicodex": ["multicodex@workspace:apps/cli"],

    "turbo": ["turbo@2.8.4", "", { "optionalDependencies": { "turbo-darwin-64": "2.8.4", "turbo-darwin-arm64": "2.8.4", "turbo-linux-64": "2.8.4", "turbo-linux-arm64": "2.8.4", "turbo-windows-64": "2.8.4", "turbo-windows-arm64": "2.8.4" }, "bin": { "turbo": "bin/turbo" } }, "sha512-yf0DFQBoR0DCOg11pYRAX5/CvXwTUwJsIFTHTOpHbUy3GnEpGBfE5E4440nmn8g6FpXXpy8Im2UEpmmv0fz67g=="],

    "turbo-darwin-64": ["turbo-darwin-64@2.8.4", "", { "os": "darwin", "cpu": "x64" }, "sha512-xVkkgQMRyLdKodZ0NU0lkjcLDm7J9R0zDNY61H4K38F94ZuspjeM1zaVB9HNM/7m4/7QvAPrvO/vCBr2qWmKKg=="],

    "turbo-darwin-arm64": ["turbo-darwin-arm64@2.8.4", "", { "os": "darwin", "cpu": "arm64" }, "sha512-ycg5jmWIV9hFScbb7bOhBc0A8jiKfOdP5SAige6FUJDnSTkL29qpLIZxcE5/J/5NNys7hVifHocDCT08ELcJ5Q=="],

    "turbo-linux-64": ["turbo-linux-64@2.8.4", "", { "os": "linux", "cpu": "x64" }, "sha512-RzH0bTRRCobvBs6mLxporuF/L2MhPJlYZ/rwfzMfwWX/TnNYUcOROgNqHIH6MK4eBAjQ7YliBDrstHnFrO8C7A=="],

    "turbo-linux-arm64": ["turbo-linux-arm64@2.8.4", "", { "os": "linux", "cpu": "arm64" }, "sha512-7HPdZjqZqq/3eg16oQMmEguZLrl4BGGVlXNpiy2mIhNjXheJjtSJ7rvgnpxMHXAFsaOPytSEkvgydB2qsYtM3g=="],

    "turbo-windows-64": ["turbo-windows-64@2.8.4", "", { "os": "win32", "cpu": "x64" }, "sha512-cKo42yFeEixPz3rljG4rSHTjCLsNSxdS3HUDen5CpoyXu+eGxAeO50wUnGIzvkXRRLJTkG9rhIITNdqUzlrijA=="],

    "turbo-windows-arm64": ["turbo-windows-arm64@2.8.4", "", { "os": "win32", "cpu": "arm64" }, "sha512-9g6P11SIIQSRlDqwd9QITR82hPeUjHenSYVsULrK7X57x+dmQIAkenZahSaMRDts9fRQygF5xBMoH0uZGwUvoA=="],

    "typescript": ["typescript@5.9.3", "", { "bin": { "tsc": "bin/tsc", "tsserver": "bin/tsserver" } }, "sha512-jl1vZzPDinLr9eUt3J/t7V6FgNEw9QjvBPdysz9KfQDD41fQrC2Y4vKQdiaUpFT4bXlb1RHhLpp8wtm6M5TgSw=="],

    "undici-types": ["undici-types@7.16.0", "", {}, "sha512-Zz+aZWSj8LE6zoxD+xrjh4VfkIG8Ya6LvYkZqtUQGJPZjYl53ypCaUwWqo7eI0x66KBGeRo+mlBEkMSeSZ38Nw=="],
  }
}
